{
  "nodes": {
    "home-manager": {
      "inputs": {
        "nixpkgs": [
          "nixpkgs"
        ]
      },
      "locked": {
        "lastModified": 1774274572,
        "narHash": "sha256-YtpNRYSv0CQn+MjhHHqFcIR5L0Urex2tTwS42kP6nuc=",
        "owner": "nix-community",
        "repo": "home-manager",
        "rev": "90913f831383a599c556cba59eac8cae9b5195a9",
        "type": "github"
      },
      "original": {
        "owner": "nix-community",
        "repo": "home-manager",
        "type": "github"
      }
    },
    "nix-darwin": {
      "inputs": {
        "nixpkgs": [
          "nixpkgs"
        ]
      },
      "locked": {
        "lastModified": 1773000227,
        "narHash": "sha256-zm3ftUQw0MPumYi91HovoGhgyZBlM4o3Zy0LhPNwzXE=",
        "owner": "LnL7",
        "repo": "nix-darwin",
        "rev": "da529ac9e46f25ed5616fd634079a5f3c579135f",
        "type": "github"
      },
      "original": {
        "owner": "LnL7",
        "repo": "nix-darwin",
        "type": "github"
      }
    },
    "nixpkgs": {
      "locked": {
        "lastModified": 1774243609,
        "narHash": "sha256-6sB2IYqXYwoQS11Ev0u3b0lpAleTpvNv5iv4iqiCCR8=",
        "owner": "NixOS",
        "repo": "nixpkgs",
        "rev": "4724d5647207377bede08da3212f809cbd94a648",
        "type": "github"
      },
      "original": {
        "owner": "NixOS",
        "ref": "nixpkgs-unstable",
        "repo": "nixpkgs",
        "type": "github"
      }
    },
    "root": {
      "inputs": {
        "home-manager": "home-manager",
        "nix-darwin": "nix-darwin",
        "nixpkgs": "nixpkgs",
        "zeno-zsh": "zeno-zsh"
      }
    },
    "zeno-zsh": {
      "flake": false,
      "locked": {
        "lastModified": 1773299551,
        "narHash": "sha256-1vqSLW78/jSEWJB0Ui7Mm4frRpnS8qrfEtnnyd+eX2o=",
        "owner": "yuki-yano",
        "repo": "zeno.zsh",
        "rev": "d57a389cbc3740c3845815725ecf257119e4a9a5",
        "type": "github"
      },
      "original": {
        "owner": "yuki-yano",
        "repo": "zeno.zsh",
        "type": "github"
      }
    }
  },
  "root": "root",
  "version": 7
}
